
Microsoft Visual Studio Solution File, Format Version 12.00
# Visual Studio Version 17
VisualStudioVersion = 17.5.33424.131
MinimumVisualStudioVersion = 10.0.40219.1
Project("{8BC9CEB8-8B4A-11D0-8D11-00A0C91BC942}") = "PencilSimAnnealing", "PencilSimAnnealing.vcxproj", "{65F6D3C4-EB44-4B71-B1E7-0644EFD62148}"
EndProject
Project("{8BC9CEB8-8B4A-11D0-8D11-00A0C91BC942}") = "Log", "Log\Log.vcxproj", "{C65185BE-8ABE-4CB6-86B0-AD2A0D238712}"
EndProject
Project("{8BC9CEB8-8B4A-11D0-8D11-00A0C91BC942}") = "InstrumentorTimer", "InstrumentorTimer\InstrumentorTimer.vcxproj", "{819E3108-4B8B-4705-8AE1-2D200757DFCA}"
EndProject
Global
	GlobalSection(SolutionConfigurationPlatforms) = preSolution
		Debug|x64 = Debug|x64
		Debug|x86 = Debug|x86
		Release|x64 = Release|x64
		Release|x86 = Release|x86
	EndGlobalSection
	GlobalSection(ProjectConfigurationPlatforms) = postSolution
		{65F6D3C4-EB44-4B71-B1E7-0644EFD62148}.Debug|x64.ActiveCfg = Debug|x64
		{65F6D3C4-EB44-4B71-B1E7-0644EFD62148}.Debug|x64.Build.0 = Debug|x64
		{65F6D3C4-EB44-4B71-B1E7-0644EFD62148}.Debug|x86.ActiveCfg = Debug|Win32
		{65F6D3C4-EB44-4B71-B1E7-0644EFD62148}.Debug|x86.Build.0 = Debug|Win32
		{65F6D3C4-EB44-4B71-B1E7-0644EFD62148}.Release|x64.ActiveCfg = Release|x64
		{65F6D3C4-EB44-4B71-B1E7-0644EFD62148}.Release|x64.Build.0 = Release|x64
		{65F6D3C4-EB44-4B71-B1E7-0644EFD62148}.Release|x86.ActiveCfg = Release|Win32
		{65F6D3C4-EB44-4B71-B1E7-0644EFD62148}.Release|x86.Build.0 = Release|Win32
		{C65185BE-8ABE-4CB6-86B0-AD2A0D238712}.Debug|x64.ActiveCfg = Debug|x64
		{C65185BE-8ABE-4CB6-86B0-AD2A0D238712}.Debug|x64.Build.0 = Debug|x64
		{C65185BE-8ABE-4CB6-86B0-AD2A0D238712}.Debug|x86.ActiveCfg = Debug|Win32
		{C65185BE-8ABE-4CB6-86B0-AD2A0D238712}.Debug|x86.Build.0 = Debug|Win32
		{C65185BE-8ABE-4CB6-86B0-AD2A0D238712}.Release|x64.ActiveCfg = Release|x64
		{C65185BE-8ABE-4CB6-86B0-AD2A0D238712}.Release|x64.Build.0 = Release|x64
		{C65185BE-8ABE-4CB6-86B0-AD2A0D238712}.Release|x86.ActiveCfg = Release|Win32
		{C65185BE-8ABE-4CB6-86B0-AD2A0D238712}.Release|x86.Build.0 = Release|Win32
		{819E3108-4B8B-4705-8AE1-2D200757DFCA}.Debug|x64.ActiveCfg = Debug|x64
		{819E3108-4B8B-4705-8AE1-2D200757DFCA}.Debug|x64.Build.0 = Debug|x64
		{819E3108-4B8B-4705-8AE1-2D200757DFCA}.Debug|x86.ActiveCfg = Debug|Win32
		{819E3108-4B8B-4705-8AE1-2D200757DFCA}.Debug|x86.Build.0 = Debug|Win32
		{819E3108-4B8B-4705-8AE1-2D200757DFCA}.Release|x64.ActiveCfg = Release|x64
		{819E3108-4B8B-4705-8AE1-2D200757DFCA}.Release|x64.Build.0 = Release|x64
		{819E3108-4B8B-4705-8AE1-2D200757DFCA}.Release|x86.ActiveCfg = Release|Win32
		{819E3108-4B8B-4705-8AE1-2D200757DFCA}.Release|x86.Build.0 = Release|Win32
	EndGlobalSection
	GlobalSection(SolutionProperties) = preSolution
		HideSolutionNode = FALSE
	EndGlobalSection
	GlobalSection(ExtensibilityGlobals) = postSolution
		SolutionGuid = {DB36A7DE-CFC6-4BDB-BB7C-548F0C967DE9}
	EndGlobalSection
EndGlobal
